// !$*UTF8*$!
{
	archiveVersion = 1;
	classes = {
	};
	objectVersion = 46;
	objects = {

/* Begin PBXBuildFile section */
		BE9245B5193C727C00BBB60D /* main.cpp in Sources */ = {isa = PBXBuildFile; fileRef = BE9245B4193C727C00BBB60D /* main.cpp */; };
		BEF1E65219D047DB00189A9D /* DetectDebugger.cpp in Sources */ = {isa = PBXBuildFile; fileRef = BEF1E65119D047DB00189A9D /* DetectDebugger.cpp */; };
/* End PBXBuildFile section */

/* Begin PBXCopyFilesBuildPhase section */
		BE9245AF193C727C00BBB60D /* CopyFiles */ = {
			isa = PBXCopyFilesBuildPhase;
			buildActionMask = 2147483647;
			dstPath = /usr/share/man/man1/;
			dstSubfolderSpec = 0;
			files = (
			);
			runOnlyForDeploymentPostprocessing = 1;
		};
/* End PBXCopyFilesBuildPhase section */

/* Begin PBXFileReference section */
		BE9245B1193C727C00BBB60D /* ADVobfuscator */ = {isa = PBXFileReference; explicitFileType = "compiled.mach-o.executable"; includeInIndex = 0; path = ADVobfuscator; sourceTree = BUILT_PRODUCTS_DIR; };
		BE9245B4193C727C00BBB60D /* main.cpp */ = {isa = PBXFileReference; lastKnownFileType = sourcecode.cpp.cpp; path = main.cpp; sourceTree = "<group>"; };
		BE9245BD193C733100BBB60D /* Indexes.h */ = {isa = PBXFileReference; lastKnownFileType = sourcecode.c.h; path = Indexes.h; sourceTree = "<group>"; };
		BE9245BE193C733100BBB60D /* Inline.h */ = {isa = PBXFileReference; lastKnownFileType = sourcecode.c.h; path = Inline.h; sourceTree = "<group>"; };
		BE9245BF193C733100BBB60D /* Log.h */ = {isa = PBXFileReference; lastKnownFileType = sourcecode.c.h; path = Log.h; sourceTree = "<group>"; };
		BE9245C0193C733100BBB60D /* MetaFactorial.h */ = {isa = PBXFileReference; lastKnownFileType = sourcecode.c.h; path = MetaFactorial.h; sourceTree = "<group>"; };
		BE9245C1193C733100BBB60D /* MetaFibonacci.h */ = {isa = PBXFileReference; lastKnownFileType = sourcecode.c.h; path = MetaFibonacci.h; sourceTree = "<group>"; };
		BE9245C2193C733100BBB60D /* ObfuscatedCall.h */ = {isa = PBXFileReference; lastKnownFileType = sourcecode.c.h; path = ObfuscatedCall.h; sourceTree = "<group>"; };
		BE9245C3193C733100BBB60D /* MetaRandom.h */ = {isa = PBXFileReference; lastKnownFileType = sourcecode.c.h; path = MetaRandom.h; sourceTree = "<group>"; };
		BE9245C4193C733100BBB60D /* MetaString1.h */ = {isa = PBXFileReference; lastKnownFileType = sourcecode.c.h; path = MetaString1.h; sourceTree = "<group>"; };
		BE9245C5193C733100BBB60D /* MetaString2.h */ = {isa = PBXFileReference; lastKnownFileType = sourcecode.c.h; path = MetaString2.h; sourceTree = "<group>"; };
		BE9245C6193C733100BBB60D /* MetaString3.h */ = {isa = PBXFileReference; lastKnownFileType = sourcecode.c.h; path = MetaString3.h; sourceTree = "<group>"; };
		BE9245C7193C733100BBB60D /* MetaString4.h */ = {isa = PBXFileReference; lastKnownFileType = sourcecode.c.h; path = MetaString4.h; sourceTree = "<group>"; };
		BEB405181951CF0200DEC3BA /* Unroller.h */ = {isa = PBXFileReference; lastKnownFileType = sourcecode.c.h; path = Unroller.h; sourceTree = "<group>"; };
		BEF1E64F19D014AE00189A9D /* MetaFSM.h */ = {isa = PBXFileReference; lastKnownFileType = sourcecode.c.h; path = MetaFSM.h; sourceTree = "<group>"; };
		BEF1E65019D0438000189A9D /* DetectDebugger.h */ = {isa = PBXFileReference; lastKnownFileType = sourcecode.c.h; path = DetectDebugger.h; sourceTree = "<group>"; };
		BEF1E65119D047DB00189A9D /* DetectDebugger.cpp */ = {isa = PBXFileReference; fileEncoding = 4; lastKnownFileType = sourcecode.cpp.cpp; path = DetectDebugger.cpp; sourceTree = "<group>"; };
		BEF1E65419D0499200189A9D /* ObfuscatedCallWithPredicate.h */ = {isa = PBXFileReference; lastKnownFileType = sourcecode.c.h; path = ObfuscatedCallWithPredicate.h; sourceTree = "<group>"; };
/* End PBXFileReference section */

/* Begin PBXFrameworksBuildPhase section */
		BE9245AE193C727C00BBB60D /* Frameworks */ = {
			isa = PBXFrameworksBuildPhase;
			buildActionMask = 2147483647;
			files = (
			);
			runOnlyForDeploymentPostprocessing = 0;
		};
/* End PBXFrameworksBuildPhase section */

/* Begin PBXGroup section */
		BE9245A8193C727C00BBB60D = {
			isa = PBXGroup;
			children = (
				BE9245B3193C727C00BBB60D /* ADVobfuscator */,
				BE9245B2193C727C00BBB60D /* Products */,
			);
			sourceTree = "<group>";
		};
		BE9245B2193C727C00BBB60D /* Products */ = {
			isa = PBXGroup;
			children = (
				BE9245B1193C727C00BBB60D /* ADVobfuscator */,
			);
			name = Products;
			sourceTree = "<group>";
		};
		BE9245B3193C727C00BBB60D /* ADVobfuscator */ = {
			isa = PBXGroup;
			children = (
				BEF1E65119D047DB00189A9D /* DetectDebugger.cpp */,
				BEF1E65019D0438000189A9D /* DetectDebugger.h */,
				BE9245BD193C733100BBB60D /* Indexes.h */,
				BE9245BE193C733100BBB60D /* Inline.h */,
				BE9245BF193C733100BBB60D /* Log.h */,
				BE9245B4193C727C00BBB60D /* main.cpp */,
				BE9245C0193C733100BBB60D /* MetaFactorial.h */,
				BE9245C1193C733100BBB60D /* MetaFibonacci.h */,
				BEF1E64F19D014AE00189A9D /* MetaFSM.h */,
				BE9245C3193C733100BBB60D /* MetaRandom.h */,
				BE9245C4193C733100BBB60D /* MetaString1.h */,
				BE9245C5193C733100BBB60D /* MetaString2.h */,
				BE9245C6193C733100BBB60D /* MetaString3.h */,
				BE9245C7193C733100BBB60D /* MetaString4.h */,
				BE9245C2193C733100BBB60D /* ObfuscatedCall.h */,
				BEF1E65419D0499200189A9D /* ObfuscatedCallWithPredicate.h */,
				BEB405181951CF0200DEC3BA /* Unroller.h */,
			);
			path = ADVobfuscator;
			sourceTree = "<group>";
		};
/* End PBXGroup section */

/* Begin PBXNativeTarget section */
		BE9245B0193C727C00BBB60D /* ADVobfuscator */ = {
			isa = PBXNativeTarget;
			buildConfigurationList = BE9245BA193C727C00BBB60D /* Build configuration list for PBXNativeTarget "ADVobfuscator" */;
			buildPhases = (
				BE9245AD193C727C00BBB60D /* Sources */,
				BE9245AE193C727C00BBB60D /* Frameworks */,
				BE9245AF193C727C00BBB60D /* CopyFiles */,
			);
			buildRules = (
			);
			dependencies = (
			);
			name = ADVobfuscator;
			productName = ADVobfuscator;
			productReference = BE9245B1193C727C00BBB60D /* ADVobfuscator */;
			productType = "com.apple.product-type.tool";
		};
/* End PBXNativeTarget section */

/* Begin PBXProject section */
		BE9245A9193C727C00BBB60D /* Project object */ = {
			isa = PBXProject;
			attributes = {
				LastUpgradeCheck = 0700;
				ORGANIZATIONNAME = Andrivet;
			};
			buildConfigurationList = BE9245AC193C727C00BBB60D /* Build configuration list for PBXProject "ADVobfuscator" */;
			compatibilityVersion = "Xcode 3.2";
			developmentRegion = English;
			hasScannedForEncodings = 0;
			knownRegions = (
				en,
			);
			mainGroup = BE9245A8193C727C00BBB60D;
			productRefGroup = BE9245B2193C727C00BBB60D /* Products */;
			projectDirPath = "";
			projectRoot = "";
			targets = (
				BE9245B0193C727C00BBB60D /* ADVobfuscator */,
			);
		};
/* End PBXProject section */

/* Begin PBXSourcesBuildPhase section */
		BE9245AD193C727C00BBB60D /* Sources */ = {
			isa = PBXSourcesBuildPhase;
			buildActionMask = 2147483647;
			files = (
				BE9245B5193C727C00BBB60D /* main.cpp in Sources */,
				BEF1E65219D047DB00189A9D /* DetectDebugger.cpp in Sources */,
			);
			runOnlyForDeploymentPostprocessing = 0;
		};
/* End PBXSourcesBuildPhase section */

/* Begin XCBuildConfiguration section */
		BE9245B8193C727C00BBB60D /* Debug */ = {
			isa = XCBuildConfiguration;
			buildSettings = {
				ALWAYS_SEARCH_USER_PATHS = NO;
				CLANG_CXX_LANGUAGE_STANDARD = "gnu++0x";
				CLANG_CXX_LIBRARY = "libc++";
				CLANG_ENABLE_MODULES = YES;
				CLANG_ENABLE_OBJC_ARC = YES;
				CLANG_WARN_BOOL_CONVERSION = YES;
				CLANG_WARN_CONSTANT_CONVERSION = YES;
				CLANG_WARN_DIRECT_OBJC_ISA_USAGE = YES_ERROR;
				CLANG_WARN_EMPTY_BODY = YES;
				CLANG_WARN_ENUM_CONVERSION = YES;
				CLANG_WARN_INT_CONVERSION = YES;
				CLANG_WARN_OBJC_ROOT_CLASS = YES_ERROR;
				CLANG_WARN__DUPLICATE_METHOD_MATCH = YES;
				COPY_PHASE_STRIP = NO;
				ENABLE_TESTABILITY = YES;
				GCC_C_LANGUAGE_STANDARD = gnu99;
				GCC_DYNAMIC_NO_PIC = NO;
				GCC_ENABLE_OBJC_EXCEPTIONS = YES;
				GCC_OPTIMIZATION_LEVEL = 0;
				GCC_PREPROCESSOR_DEFINITIONS = (
					"DEBUG=1",
					"$(inherited)",
				);
				GCC_SYMBOLS_PRIVATE_EXTERN = NO;
				GCC_WARN_64_TO_32_BIT_CONVERSION = YES;
				GCC_WARN_ABOUT_RETURN_TYPE = YES_ERROR;
				GCC_WARN_UNDECLARED_SELECTOR = YES;
				GCC_WARN_UNINITIALIZED_AUTOS = YES_AGGRESSIVE;
				GCC_WARN_UNUSED_FUNCTION = YES;
				GCC_WARN_UNUSED_VARIABLE = YES;
				HEADER_SEARCH_PATHS = (
					"$(inherited)",
					/Applications/Xcode.app/Contents/Developer/Toolchains/XcodeDefault.xctoolchain/usr/include,
					/usr/local/include,
				);
				MACOSX_DEPLOYMENT_TARGET = 10.9;
				ONLY_ACTIVE_ARCH = YES;
				SDKROOT = macosx;
			};
			name = Debug;
		};
		BE9245B9193C727C00BBB60D /* Release */ = {
			isa = XCBuildConfiguration;
			buildSettings = {
				ALWAYS_SEARCH_USER_PATHS = NO;
				CLANG_CXX_LANGUAGE_STANDARD = "gnu++0x";
				CLANG_CXX_LIBRARY = "libc++";
				CLANG_ENABLE_MODULES = YES;
				CLANG_ENABLE_OBJC_ARC = YES;
				CLANG_WARN_BOOL_CONVERSION = YES;
				CLANG_WARN_CONSTANT_CONVERSION = YES;
				CLANG_WARN_DIRECT_OBJC_ISA_USAGE = YES_ERROR;
				CLANG_WARN_EMPTY_BODY = YES;
				CLANG_WARN_ENUM_CONVERSION = YES;
				CLANG_WARN_INT_CONVERSION = YES;
				CLANG_WARN_OBJC_ROOT_CLASS = YES_ERROR;
				CLANG_WARN__DUPLICATE_METHOD_MATCH = YES;
				COPY_PHASE_STRIP = YES;
				DEBUG_INFORMATION_FORMAT = "dwarf-with-dsym";
				DEPLOYMENT_POSTPROCESSING = YES;
				ENABLE_NS_ASSERTIONS = NO;
				GCC_C_LANGUAGE_STANDARD = gnu99;
				GCC_ENABLE_OBJC_EXCEPTIONS = YES;
				GCC_WARN_64_TO_32_BIT_CONVERSION = YES;
				GCC_WARN_ABOUT_RETURN_TYPE = YES_ERROR;
				GCC_WARN_UNDECLARED_SELECTOR = YES;
				GCC_WARN_UNINITIALIZED_AUTOS = YES_AGGRESSIVE;
				GCC_WARN_UNUSED_FUNCTION = YES;
				GCC_WARN_UNUSED_VARIABLE = YES;
				HEADER_SEARCH_PATHS = (
					"$(inherited)",
					/Applications/Xcode.app/Contents/Developer/Toolchains/XcodeDefault.xctoolchain/usr/include,
					/usr/local/include,
				);
				MACOSX_DEPLOYMENT_TARGET = 10.9;
				SDKROOT = macosx;
			};
			name = Release;
		};
		BE9245BB193C727C00BBB60D /* Debug */ = {
			isa = XCBuildConfiguration;
			buildSettings = {
				PRODUCT_NAME = "$(TARGET_NAME)";
			};
			name = Debug;
		};
		BE9245BC193C727C00BBB60D /* Release */ = {
			isa = XCBuildConfiguration;
			buildSettings = {
				PRODUCT_NAME = "$(TARGET_NAME)";
			};
			name = Release;
		};
/* End XCBuildConfiguration section */

/* Begin XCConfigurationList section */
		BE9245AC193C727C00BBB60D /* Build configuration list for PBXProject "ADVobfuscator" */ = {
			isa = XCConfigurationList;
			buildConfigurations = (
				BE9245B8193C727C00BBB60D /* Debug */,
				BE9245B9193C727C00BBB60D /* Release */,
			);
			defaultConfigurationIsVisible = 0;
			defaultConfigurationName = Release;
		};
		BE9245BA193C727C00BBB60D /* Build configuration list for PBXNativeTarget "ADVobfuscator" */ = {
			isa = XCConfigurationList;
			buildConfigurations = (
				BE9245BB193C727C00BBB60D /* Debug */,
				BE9245BC193C727C00BBB60D /* Release */,
			);
			defaultConfigurationIsVisible = 0;
			defaultConfigurationName = Release;
		};
/* End XCConfigurationList section */
	};
	rootObject = BE9245A9193C727C00BBB60D /* Project object */;
}
